
Microsoft Visual Studio Solution File, Format Version 12.00
# Visual Studio Version 17
VisualStudioVersion = 17.9.34728.123
MinimumVisualStudioVersion = 10.0.40219.1
Project("{FAE04EC0-301F-11D3-BF4B-00C04F79EFBC}") = "GAMESINC#", "GAMESINC#\GAMESINC#.csproj", "{2427F24D-FB25-4FBB-B97E-C9F7150B44AE}"
EndProject
Global
	GlobalSection(SolutionConfigurationPlatforms) = preSolution
		Debug|Any CPU = Debug|Any CPU
		Release|Any CPU = Release|Any CPU
	EndGlobalSection
	GlobalSection(ProjectConfigurationPlatforms) = postSolution
		{2427F24D-FB25-4FBB-B97E-C9F7150B44AE}.Debug|Any CPU.ActiveCfg = Debug|Any CPU
		{2427F24D-FB25-4FBB-B97E-C9F7150B44AE}.Debug|Any CPU.Build.0 = Debug|Any CPU
		{2427F24D-FB25-4FBB-B97E-C9F7150B44AE}.Release|Any CPU.ActiveCfg = Release|Any CPU
		{2427F24D-FB25-4FBB-B97E-C9F7150B44AE}.Release|Any CPU.Build.0 = Release|Any CPU
	EndGlobalSection
	GlobalSection(SolutionProperties) = preSolution
		HideSolutionNode = FALSE
	EndGlobalSection
	GlobalSection(ExtensibilityGlobals) = postSolution
		SolutionGuid = {C5A4A89A-9A38-4D46-A5B8-4ACA6D480BC5}
	EndGlobalSection
EndGlobal
